
Microsoft Visual Studio Solution File, Format Version 12.00
# Visual Studio Version 17
VisualStudioVersion = 17.2.32516.85
MinimumVisualStudioVersion = 10.0.40219.1
Project("{FAE04EC0-301F-11D3-BF4B-00C04F79EFBC}") = "ResizeAnImage", "ResizeAnImage\ResizeAnImage.csproj", "{1556FA8F-85DC-48A9-9129-2ADB1469C025}"
EndProject
Global
	GlobalSection(SolutionConfigurationPlatforms) = preSolution
		Debug|Any CPU = Debug|Any CPU
		Release|Any CPU = Release|Any CPU
	EndGlobalSection
	GlobalSection(ProjectConfigurationPlatforms) = postSolution
		{1556FA8F-85DC-48A9-9129-2ADB1469C025}.Debug|Any CPU.ActiveCfg = Debug|Any CPU
		{1556FA8F-85DC-48A9-9129-2ADB1469C025}.Debug|Any CPU.Build.0 = Debug|Any CPU
		{1556FA8F-85DC-48A9-9129-2ADB1469C025}.Release|Any CPU.ActiveCfg = Release|Any CPU
		{1556FA8F-85DC-48A9-9129-2ADB1469C025}.Release|Any CPU.Build.0 = Release|Any CPU
	EndGlobalSection
	GlobalSection(SolutionProperties) = preSolution
		HideSolutionNode = FALSE
	EndGlobalSection
	GlobalSection(ExtensibilityGlobals) = postSolution
		SolutionGuid = {CC2EF26D-E45D-424C-9E4B-EDF76CE20717}
	EndGlobalSection
EndGlobal
